{
  "version": 4,
  "terraform_version": "1.15.4",
  "serial": 9,
  "lineage": "761d8a09-ddd1-7556-0021-49f06fe308be",
  "outputs": {
    "firebase_hosting_url": {
      "value": "https://bad-cost.web.app",
      "type": "string"
    },
    "firebase_web_app_id": {
      "value": "1:287534641227:web:53cea3944b739302a61dce",
      "type": "string"
    },
    "firestore_database": {
      "value": "(default)",
      "type": "string"
    }
  },
  "resources": [
    {
      "mode": "data",
      "type": "google_firebase_web_app_config",
      "name": "default",
      "provider": "provider[\"registry.terraform.io/hashicorp/google-beta\"]",
      "instances": [
        {
          "schema_version": 0,
          "attributes": {
            "api_key": "AIzaSyBI7qFEMP0yySVToYxt6Kec8b8Rg5LGeZI",
            "auth_domain": "bad-cost.firebaseapp.com",
            "database_url": "",
            "id": "1:287534641227:web:53cea3944b739302a61dce",
            "location_id": "",
            "measurement_id": "",
            "messaging_sender_id": "287534641227",
            "project": "bad-cost",
            "storage_bucket": "bad-cost.firebasestorage.app",
            "web_app_id": "1:287534641227:web:53cea3944b739302a61dce"
          },
          "sensitive_attributes": [],
          "identity_schema_version": 0
        }
      ]
    },
    {
      "mode": "managed",
      "type": "google_firebase_project",
      "name": "default",
      "provider": "provider[\"registry.terraform.io/hashicorp/google-beta\"]",
      "instances": [
        {
          "schema_version": 0,
          "attributes": {
            "display_name": "bad-cost",
            "id": "projects/bad-cost",
            "project": "bad-cost",
            "project_number": "287534641227",
            "timeouts": null
          },
          "sensitive_attributes": [],
          "identity_schema_version": 0,
          "private": "eyJlMmJmYjczMC1lY2FhLTExZTYtOGY4OC0zNDM2M2JjN2M0YzAiOnsiY3JlYXRlIjoxMjAwMDAwMDAwMDAwLCJkZWxldGUiOjEyMDAwMDAwMDAwMDB9LCJzY2hlbWFfdmVyc2lvbiI6IjAifQ=="
        }
      ]
    },
    {
      "mode": "managed",
      "type": "google_firebase_web_app",
      "name": "default",
      "provider": "provider[\"registry.terraform.io/hashicorp/google-beta\"]",
      "instances": [
        {
          "schema_version": 0,
          "attributes": {
            "api_key_id": "8a95df30-a09f-4ce3-983b-8845f78dc672",
            "app_id": "1:287534641227:web:53cea3944b739302a61dce",
            "app_urls": [],
            "deletion_policy": "DELETE",
            "display_name": "badcost",
            "id": "projects/bad-cost/webApps/1:287534641227:web:53cea3944b739302a61dce",
            "name": "projects/bad-cost/webApps/1:287534641227:web:53cea3944b739302a61dce",
            "project": "bad-cost",
            "timeouts": null
          },
          "sensitive_attributes": [],
          "identity_schema_version": 0,
          "private": "eyJlMmJmYjczMC1lY2FhLTExZTYtOGY4OC0zNDM2M2JjN2M0YzAiOnsiY3JlYXRlIjoxMjAwMDAwMDAwMDAwLCJkZWxldGUiOjEyMDAwMDAwMDAwMDAsInVwZGF0ZSI6MTIwMDAwMDAwMDAwMH0sInNjaGVtYV92ZXJzaW9uIjoiMCJ9",
          "dependencies": [
            "google_firebase_project.default"
          ]
        }
      ]
    },
    {
      "mode": "managed",
      "type": "google_firebaserules_release",
      "name": "firestore",
      "provider": "provider[\"registry.terraform.io/hashicorp/google-beta\"]",
      "instances": [
        {
          "schema_version": 0,
          "attributes": {
            "create_time": "2026-05-25T12:46:34.620582Z",
            "disabled": false,
            "id": "projects/bad-cost/releases/cloud.firestore/database/(default)/documents",
            "name": "cloud.firestore/database/(default)/documents",
            "project": "bad-cost",
            "ruleset_name": "b3bc243c-3555-4cdf-b7b6-efac8ab5e5cd",
            "timeouts": null,
            "update_time": "2026-05-25T12:46:34.620582Z"
          },
          "sensitive_attributes": [],
          "identity_schema_version": 0,
          "private": "eyJlMmJmYjczMC1lY2FhLTExZTYtOGY4OC0zNDM2M2JjN2M0YzAiOnsiY3JlYXRlIjoxMjAwMDAwMDAwMDAwLCJkZWxldGUiOjEyMDAwMDAwMDAwMDB9fQ==",
          "dependencies": [
            "google_firebase_project.default",
            "google_firebaserules_ruleset.firestore",
            "google_firestore_database.default"
          ]
        }
      ]
    },
    {
      "mode": "managed",
      "type": "google_firebaserules_ruleset",
      "name": "firestore",
      "provider": "provider[\"registry.terraform.io/hashicorp/google-beta\"]",
      "instances": [
        {
          "schema_version": 0,
          "attributes": {
            "create_time": "2026-05-25T12:46:33.922815Z",
            "id": "projects/bad-cost/rulesets/b3bc243c-3555-4cdf-b7b6-efac8ab5e5cd",
            "metadata": [
              {
                "services": [
                  "cloud.firestore"
                ]
              }
            ],
            "name": "b3bc243c-3555-4cdf-b7b6-efac8ab5e5cd",
            "project": "bad-cost",
            "source": [
              {
                "files": [
                  {
                    "content": "rules_version = '2';\nservice cloud.firestore {\n  match /databases/{database}/documents {\n\n    // Hosts collection — only the host themselves can read/write their doc\n    match /hosts/{hostId} {\n      allow read: if request.auth != null \u0026\u0026 request.auth.uid == hostId;\n      allow write: if request.auth != null \u0026\u0026 request.auth.uid == hostId;\n    }\n\n    // Games collection\n    match /games/{gameId} {\n      // Anyone can read games (participants access via invite link)\n      allow read: if true;\n\n      // Only authenticated host can create/update/delete their games\n      allow create: if request.auth != null\n        \u0026\u0026 request.resource.data.hostId == request.auth.uid;\n      allow update: if request.auth != null\n        \u0026\u0026 resource.data.hostId == request.auth.uid;\n      allow delete: if request.auth != null\n        \u0026\u0026 resource.data.hostId == request.auth.uid;\n\n      // Participants subcollection\n      match /participants/{participantId} {\n        // Anyone can read participants\n        allow read: if true;\n\n        // Anyone can create (join) — no auth required for participants\n        allow create: if true;\n\n        // Participant can update/delete their own entry (matched by deviceId)\n        // Host can also manage any participant\n        allow update: if request.auth != null\n          \u0026\u0026 get(/databases/$(database)/documents/games/$(gameId)).data.hostId == request.auth.uid;\n        allow delete: if true;\n      }\n    }\n  }\n}\n",
                    "fingerprint": "",
                    "name": "firestore.rules"
                  }
                ],
                "language": ""
              }
            ],
            "timeouts": null
          },
          "sensitive_attributes": [],
          "identity_schema_version": 0,
          "private": "eyJlMmJmYjczMC1lY2FhLTExZTYtOGY4OC0zNDM2M2JjN2M0YzAiOnsiY3JlYXRlIjoxMjAwMDAwMDAwMDAwLCJkZWxldGUiOjEyMDAwMDAwMDAwMDB9fQ==",
          "dependencies": [
            "google_firebase_project.default",
            "google_firestore_database.default"
          ]
        }
      ]
    },
    {
      "mode": "managed",
      "type": "google_firestore_database",
      "name": "default",
      "provider": "provider[\"registry.terraform.io/hashicorp/google-beta\"]",
      "instances": [
        {
          "schema_version": 0,
          "attributes": {
            "app_engine_integration_mode": "DISABLED",
            "cmek_config": [],
            "concurrency_mode": "PESSIMISTIC",
            "create_time": "",
            "delete_protection_state": "DELETE_PROTECTION_DISABLED",
            "deletion_policy": "ABANDON",
            "earliest_version_time": "2026-05-25T11:46:32.981759Z",
            "etag": "INnmraW81JQDMLu2j4G31JQD",
            "id": "projects/bad-cost/databases/(default)",
            "key_prefix": "",
            "location_id": "asia-southeast3",
            "name": "(default)",
            "point_in_time_recovery_enablement": "POINT_IN_TIME_RECOVERY_DISABLED",
            "project": "bad-cost",
            "timeouts": null,
            "type": "FIRESTORE_NATIVE",
            "uid": "dc8d4785-ccdc-46ca-bb47-ba5cb523d76f",
            "update_time": "",
            "version_retention_period": "3600s"
          },
          "sensitive_attributes": [],
          "identity_schema_version": 0,
          "private": "eyJlMmJmYjczMC1lY2FhLTExZTYtOGY4OC0zNDM2M2JjN2M0YzAiOnsiY3JlYXRlIjoxMjAwMDAwMDAwMDAwLCJkZWxldGUiOjEyMDAwMDAwMDAwMDAsInVwZGF0ZSI6MTIwMDAwMDAwMDAwMH0sInNjaGVtYV92ZXJzaW9uIjoiMCJ9",
          "dependencies": [
            "google_firebase_project.default"
          ]
        }
      ]
    },
    {
      "mode": "managed",
      "type": "google_firestore_field",
      "name": "games_ttl",
      "provider": "provider[\"registry.terraform.io/hashicorp/google-beta\"]",
      "instances": [
        {
          "schema_version": 0,
          "attributes": {
            "collection": "games",
            "database": "(default)",
            "field": "expireAt",
            "id": "projects/bad-cost/databases/(default)/collectionGroups/games/fields/expireAt",
            "index_config": [],
            "name": "projects/bad-cost/databases/(default)/collectionGroups/games/fields/expireAt",
            "project": "bad-cost",
            "timeouts": null,
            "ttl_config": [
              {
                "state": "ACTIVE"
              }
            ]
          },
          "sensitive_attributes": [],
          "identity_schema_version": 0,
          "private": "eyJlMmJmYjczMC1lY2FhLTExZTYtOGY4OC0zNDM2M2JjN2M0YzAiOnsiY3JlYXRlIjoxMjAwMDAwMDAwMDAwLCJkZWxldGUiOjEyMDAwMDAwMDAwMDAsInVwZGF0ZSI6MTIwMDAwMDAwMDAwMH19",
          "dependencies": [
            "google_firebase_project.default",
            "google_firestore_database.default"
          ]
        }
      ]
    },
    {
      "mode": "managed",
      "type": "google_identity_platform_config",
      "name": "default",
      "provider": "provider[\"registry.terraform.io/hashicorp/google-beta\"]",
      "instances": [
        {
          "schema_version": 0,
          "attributes": {
            "authorized_domains": [
              "localhost",
              "bad-cost.firebaseapp.com",
              "bad-cost.web.app",
              "saintsitive-dev.github.io",
              "saintsitive.space"
            ],
            "autodelete_anonymous_users": false,
            "blocking_functions": [],
            "client": [
              {
                "api_key": "AIzaSyBI7qFEMP0yySVToYxt6Kec8b8Rg5LGeZI",
                "firebase_subdomain": "bad-cost",
                "permissions": [
                  {
                    "disabled_user_deletion": false,
                    "disabled_user_signup": false
                  }
                ]
              }
            ],
            "id": "projects/bad-cost/config",
            "mfa": [
              {
                "enabled_providers": [],
                "provider_configs": [],
                "state": "DISABLED"
              }
            ],
            "monitoring": [
              {
                "request_logging": [
                  {
                    "enabled": false
                  }
                ]
              }
            ],
            "multi_tenant": [],
            "name": "projects/287534641227/config",
            "project": "bad-cost",
            "quota": [],
            "sign_in": [
              {
                "allow_duplicate_emails": false,
                "anonymous": [],
                "email": [],
                "hash_config": [
                  {
                    "algorithm": "SCRYPT",
                    "memory_cost": 14,
                    "rounds": 8,
                    "salt_separator": "Bw==",
                    "signer_key": "+V6bWu4gRwwqNb95FDm3NNJd6CEUTzsagEC16VIFM7KZ/45iaG5VciDkmDrkFTu43KB+6cS6vTjG6Vdnxq0Bjw=="
                  }
                ],
                "phone_number": []
              }
            ],
            "sms_region_config": [],
            "timeouts": null
          },
          "sensitive_attributes": [
            [
              {
                "type": "get_attr",
                "value": "client"
              },
              {
                "type": "index",
                "value": {
                  "value": 0,
                  "type": "number"
                }
              },
              {
                "type": "get_attr",
                "value": "api_key"
              }
            ]
          ],
          "identity_schema_version": 0,
          "private": "eyJlMmJmYjczMC1lY2FhLTExZTYtOGY4OC0zNDM2M2JjN2M0YzAiOnsiY3JlYXRlIjoxMjAwMDAwMDAwMDAwLCJkZWxldGUiOjEyMDAwMDAwMDAwMDAsInVwZGF0ZSI6MTIwMDAwMDAwMDAwMH19",
          "dependencies": [
            "google_firebase_project.default"
          ]
        }
      ]
    }
  ],
  "check_results": null
}
