{
  "version": 4,
  "terraform_version": "1.5.7",
  "serial": 3,
  "lineage": "761d8a09-ddd1-7556-0021-49f06fe308be",
  "outputs": {
    "firebase_hosting_url": {
      "value": "https://bad-cost.web.app",
      "type": "string"
    },
    "firebase_web_app_id": {
      "value": "1:287534641227:web:53cea3944b739302a61dce",
      "type": "string"
    },
    "firestore_database": {
      "value": "(default)",
      "type": "string"
    }
  },
  "resources": [
    {
      "mode": "data",
      "type": "google_firebase_web_app_config",
      "name": "default",
      "provider": "provider[\"registry.terraform.io/hashicorp/google-beta\"]",
      "instances": [
        {
          "schema_version": 0,
          "attributes": {
            "api_key": "AIzaSyBI7qFEMP0yySVToYxt6Kec8b8Rg5LGeZI",
            "auth_domain": "bad-cost.firebaseapp.com",
            "database_url": "",
            "id": "1:287534641227:web:53cea3944b739302a61dce",
            "location_id": "",
            "measurement_id": "",
            "messaging_sender_id": "287534641227",
            "project": "bad-cost",
            "storage_bucket": "bad-cost.firebasestorage.app",
            "web_app_id": "1:287534641227:web:53cea3944b739302a61dce"
          },
          "sensitive_attributes": []
        }
      ]
    },
    {
      "mode": "managed",
      "type": "google_firebase_project",
      "name": "default",
      "provider": "provider[\"registry.terraform.io/hashicorp/google-beta\"]",
      "instances": [
        {
          "schema_version": 0,
          "attributes": {
            "display_name": "bad-cost",
            "id": "projects/bad-cost",
            "project": "bad-cost",
            "project_number": "287534641227",
            "timeouts": null
          },
          "sensitive_attributes": [],
          "private": "eyJlMmJmYjczMC1lY2FhLTExZTYtOGY4OC0zNDM2M2JjN2M0YzAiOnsiY3JlYXRlIjoxMjAwMDAwMDAwMDAwLCJkZWxldGUiOjEyMDAwMDAwMDAwMDB9LCJzY2hlbWFfdmVyc2lvbiI6IjAifQ=="
        }
      ]
    },
    {
      "mode": "managed",
      "type": "google_firebase_web_app",
      "name": "default",
      "provider": "provider[\"registry.terraform.io/hashicorp/google-beta\"]",
      "instances": [
        {
          "schema_version": 0,
          "attributes": {
            "api_key_id": "8a95df30-a09f-4ce3-983b-8845f78dc672",
            "app_id": "1:287534641227:web:53cea3944b739302a61dce",
            "app_urls": [],
            "deletion_policy": "DELETE",
            "display_name": "badcost",
            "id": "projects/bad-cost/webApps/1:287534641227:web:53cea3944b739302a61dce",
            "name": "projects/bad-cost/webApps/1:287534641227:web:53cea3944b739302a61dce",
            "project": "bad-cost",
            "timeouts": null
          },
          "sensitive_attributes": [],
          "private": "eyJlMmJmYjczMC1lY2FhLTExZTYtOGY4OC0zNDM2M2JjN2M0YzAiOnsiY3JlYXRlIjoxMjAwMDAwMDAwMDAwLCJkZWxldGUiOjEyMDAwMDAwMDAwMDAsInVwZGF0ZSI6MTIwMDAwMDAwMDAwMH0sInNjaGVtYV92ZXJzaW9uIjoiMCJ9"
        }
      ]
    },
    {
      "mode": "managed",
      "type": "google_firestore_database",
      "name": "default",
      "provider": "provider[\"registry.terraform.io/hashicorp/google-beta\"]",
      "instances": [
        {
          "schema_version": 0,
          "attributes": {
            "app_engine_integration_mode": "DISABLED",
            "cmek_config": [],
            "concurrency_mode": "PESSIMISTIC",
            "create_time": "",
            "delete_protection_state": "DELETE_PROTECTION_DISABLED",
            "deletion_policy": "ABANDON",
            "earliest_version_time": "2026-05-25T10:45:58.846137Z",
            "etag": "ILLhu+Cu1JQDMPDn+sSe1JQD",
            "id": "projects/bad-cost/databases/(default)",
            "key_prefix": "",
            "location_id": "asia-southeast3",
            "name": "(default)",
            "point_in_time_recovery_enablement": "POINT_IN_TIME_RECOVERY_DISABLED",
            "project": "bad-cost",
            "timeouts": null,
            "type": "FIRESTORE_NATIVE",
            "uid": "dc8d4785-ccdc-46ca-bb47-ba5cb523d76f",
            "update_time": "",
            "version_retention_period": "3600s"
          },
          "sensitive_attributes": [],
          "private": "eyJlMmJmYjczMC1lY2FhLTExZTYtOGY4OC0zNDM2M2JjN2M0YzAiOnsiY3JlYXRlIjoxMjAwMDAwMDAwMDAwLCJkZWxldGUiOjEyMDAwMDAwMDAwMDAsInVwZGF0ZSI6MTIwMDAwMDAwMDAwMH0sInNjaGVtYV92ZXJzaW9uIjoiMCJ9"
        }
      ]
    }
  ],
  "check_results": null
}
